// !$*UTF8*$!
{
	archiveVersion = 1;
	classes = {
	};
	objectVersion = 77;
	objects = {

/* Begin PBXContainerItemProxy section */
		BB24D6292DCC8BB800C1412C /* PBXContainerItemProxy */ = {
			isa = PBXContainerItemProxy;
			containerPortal = BB24D6112DCC8BB700C1412C /* Project object */;
			proxyType = 1;
			remoteGlobalIDString = BB24D6182DCC8BB700C1412C;
			remoteInfo = KyoN;
		};
		BB24D6332DCC8BB800C1412C /* PBXContainerItemProxy */ = {
			isa = PBXContainerItemProxy;
			containerPortal = BB24D6112DCC8BB700C1412C /* Project object */;
			proxyType = 1;
			remoteGlobalIDString = BB24D6182DCC8BB700C1412C;
			remoteInfo = KyoN;
		};
/* End PBXContainerItemProxy section */

/* Begin PBXFileReference section */
		BB24D6192DCC8BB700C1412C /* KyoN.app */ = {isa = PBXFileReference; explicitFileType = wrapper.application; includeInIndex = 0; path = KyoN.app; sourceTree = BUILT_PRODUCTS_DIR; };
		BB24D6282DCC8BB800C1412C /* KyoNTests.xctest */ = {isa = PBXFileReference; explicitFileType = wrapper.cfbundle; includeInIndex = 0; path = KyoNTests.xctest; sourceTree = BUILT_PRODUCTS_DIR; };
		BB24D6322DCC8BB800C1412C /* KyoNUITests.xctest */ = {isa = PBXFileReference; explicitFileType = wrapper.cfbundle; includeInIndex = 0; path = KyoNUITests.xctest; sourceTree = BUILT_PRODUCTS_DIR; };
/* End PBXFileReference section */

/* Begin PBXFileSystemSynchronizedRootGroup section */
		BB24D61B2DCC8BB700C1412C /* KyoN */ = {
			isa = PBXFileSystemSynchronizedRootGroup;
			path = KyoN;
			sourceTree = "<group>";
		};
		BB24D62B2DCC8BB800C1412C /* KyoNTests */ = {
			isa = PBXFileSystemSynchronizedRootGroup;
			path = KyoNTests;
			sourceTree = "<group>";
		};
		BB24D6352DCC8BB800C1412C /* KyoNUITests */ = {
			isa = PBXFileSystemSynchronizedRootGroup;
			path = KyoNUITests;
			sourceTree = "<group>";
		};
/* End PBXFileSystemSynchronizedRootGroup section */

/* Begin PBXFrameworksBuildPhase section */
		BB24D6162DCC8BB700C1412C /* Frameworks */ = {
			isa = PBXFrameworksBuildPhase;
			buildActionMask = 2147483647;
			files = (
			);
			runOnlyForDeploymentPostprocessing = 0;
		};
		BB24D6252DCC8BB800C1412C /* Frameworks */ = {
			isa = PBXFrameworksBuildPhase;
			buildActionMask = 2147483647;
			files = (
			);
			runOnlyForDeploymentPostprocessing = 0;
		};
		BB24D62F2DCC8BB800C1412C /* Frameworks */ = {
			isa = PBXFrameworksBuildPhase;
			buildActionMask = 2147483647;
			files = (
			);
			runOnlyForDeploymentPostprocessing = 0;
		};
/* End PBXFrameworksBuildPhase section */

/* Begin PBXGroup section */
		BB24D6102DCC8BB700C1412C = {
			isa = PBXGroup;
			children = (
				BB24D61B2DCC8BB700C1412C /* KyoN */,
				BB24D62B2DCC8BB800C1412C /* KyoNTests */,
				BB24D6352DCC8BB800C1412C /* KyoNUITests */,
				BB24D61A2DCC8BB700C1412C /* Products */,
			);
			sourceTree = "<group>";
		};
		BB24D61A2DCC8BB700C1412C /* Products */ = {
			isa = PBXGroup;
			children = (
				BB24D6192DCC8BB700C1412C /* KyoN.app */,
				BB24D6282DCC8BB800C1412C /* KyoNTests.xctest */,
				BB24D6322DCC8BB800C1412C /* KyoNUITests.xctest */,
			);
			name = Products;
			sourceTree = "<group>";
		};
/* End PBXGroup section */

/* Begin PBXNativeTarget section */
		BB24D6182DCC8BB700C1412C /* KyoN */ = {
			isa = PBXNativeTarget;
			buildConfigurationList = BB24D63C2DCC8BB800C1412C /* Build configuration list for PBXNativeTarget "KyoN" */;
			buildPhases = (
				BB24D6152DCC8BB700C1412C /* Sources */,
				BB24D6162DCC8BB700C1412C /* Frameworks */,
				BB24D6172DCC8BB700C1412C /* Resources */,
			);
			buildRules = (
			);
			dependencies = (
			);
			fileSystemSynchronizedGroups = (
				BB24D61B2DCC8BB700C1412C /* KyoN */,
			);
			name = KyoN;
			packageProductDependencies = (
			);
			productName = KyoN;
			productReference = BB24D6192DCC8BB700C1412C /* KyoN.app */;
			productType = "com.apple.product-type.application";
		};
		BB24D6272DCC8BB800C1412C /* KyoNTests */ = {
			isa = PBXNativeTarget;
			buildConfigurationList = BB24D63F2DCC8BB800C1412C /* Build configuration list for PBXNativeTarget "KyoNTests" */;
			buildPhases = (
				BB24D6242DCC8BB800C1412C /* Sources */,
				BB24D6252DCC8BB800C1412C /* Frameworks */,
				BB24D6262DCC8BB800C1412C /* Resources */,
			);
			buildRules = (
			);
			dependencies = (
				BB24D62A2DCC8BB800C1412C /* PBXTargetDependency */,
			);
			fileSystemSynchronizedGroups = (
				BB24D62B2DCC8BB800C1412C /* KyoNTests */,
			);
			name = KyoNTests;
			packageProductDependencies = (
			);
			productName = KyoNTests;
			productReference = BB24D6282DCC8BB800C1412C /* KyoNTests.xctest */;
			productType = "com.apple.product-type.bundle.unit-test";
		};
		BB24D6312DCC8BB800C1412C /* KyoNUITests */ = {
			isa = PBXNativeTarget;
			buildConfigurationList = BB24D6422DCC8BB800C1412C /* Build configuration list for PBXNativeTarget "KyoNUITests" */;
			buildPhases = (
				BB24D62E2DCC8BB800C1412C /* Sources */,
				BB24D62F2DCC8BB800C1412C /* Frameworks */,
				BB24D6302DCC8BB800C1412C /* Resources */,
			);
			buildRules = (
			);
			dependencies = (
				BB24D6342DCC8BB800C1412C /* PBXTargetDependency */,
			);
			fileSystemSynchronizedGroups = (
				BB24D6352DCC8BB800C1412C /* KyoNUITests */,
			);
			name = KyoNUITests;
			packageProductDependencies = (
			);
			productName = KyoNUITests;
			productReference = BB24D6322DCC8BB800C1412C /* KyoNUITests.xctest */;
			productType = "com.apple.product-type.bundle.ui-testing";
		};
/* End PBXNativeTarget section */

/* Begin PBXProject section */
		BB24D6112DCC8BB700C1412C /* Project object */ = {
			isa = PBXProject;
			attributes = {
				BuildIndependentTargetsInParallel = 1;
				LastSwiftUpdateCheck = 1630;
				LastUpgradeCheck = 1630;
				TargetAttributes = {
					BB24D6182DCC8BB700C1412C = {
						CreatedOnToolsVersion = 16.3;
					};
					BB24D6272DCC8BB800C1412C = {
						CreatedOnToolsVersion = 16.3;
						TestTargetID = BB24D6182DCC8BB700C1412C;
					};
					BB24D6312DCC8BB800C1412C = {
						CreatedOnToolsVersion = 16.3;
						TestTargetID = BB24D6182DCC8BB700C1412C;
					};
				};
			};
			buildConfigurationList = BB24D6142DCC8BB700C1412C /* Build configuration list for PBXProject "KyoN" */;
			developmentRegion = en;
			hasScannedForEncodings = 0;
			knownRegions = (
				en,
				Base,
			);
			mainGroup = BB24D6102DCC8BB700C1412C;
			minimizedProjectReferenceProxies = 1;
			preferredProjectObjectVersion = 77;
			productRefGroup = BB24D61A2DCC8BB700C1412C /* Products */;
			projectDirPath = "";
			projectRoot = "";
			targets = (
				BB24D6182DCC8BB700C1412C /* KyoN */,
				BB24D6272DCC8BB800C1412C /* KyoNTests */,
				BB24D6312DCC8BB800C1412C /* KyoNUITests */,
			);
		};
/* End PBXProject section */

/* Begin PBXResourcesBuildPhase section */
		BB24D6172DCC8BB700C1412C /* Resources */ = {
			isa = PBXResourcesBuildPhase;
			buildActionMask = 2147483647;
			files = (
			);
			runOnlyForDeploymentPostprocessing = 0;
		};
		BB24D6262DCC8BB800C1412C /* Resources */ = {
			isa = PBXResourcesBuildPhase;
			buildActionMask = 2147483647;
			files = (
			);
			runOnlyForDeploymentPostprocessing = 0;
		};
		BB24D6302DCC8BB800C1412C /* Resources */ = {
			isa = PBXResourcesBuildPhase;
			buildActionMask = 2147483647;
			files = (
			);
			runOnlyForDeploymentPostprocessing = 0;
		};
/* End PBXResourcesBuildPhase section */

/* Begin PBXSourcesBuildPhase section */
		BB24D6152DCC8BB700C1412C /* Sources */ = {
			isa = PBXSourcesBuildPhase;
			buildActionMask = 2147483647;
			files = (
			);
			runOnlyForDeploymentPostprocessing = 0;
		};
		BB24D6242DCC8BB800C1412C /* Sources */ = {
			isa = PBXSourcesBuildPhase;
			buildActionMask = 2147483647;
			files = (
			);
			runOnlyForDeploymentPostprocessing = 0;
		};
		BB24D62E2DCC8BB800C1412C /* Sources */ = {
			isa = PBXSourcesBuildPhase;
			buildActionMask = 2147483647;
			files = (
			);
			runOnlyForDeploymentPostprocessing = 0;
		};
/* End PBXSourcesBuildPhase section */

/* Begin PBXTargetDependency section */
		BB24D62A2DCC8BB800C1412C /* PBXTargetDependency */ = {
			isa = PBXTargetDependency;
			target = BB24D6182DCC8BB700C1412C /* KyoN */;
			targetProxy = BB24D6292DCC8BB800C1412C /* PBXContainerItemProxy */;
		};
		BB24D6342DCC8BB800C1412C /* PBXTargetDependency */ = {
			isa = PBXTargetDependency;
			target = BB24D6182DCC8BB700C1412C /* KyoN */;
			targetProxy = BB24D6332DCC8BB800C1412C /* PBXContainerItemProxy */;
		};
/* End PBXTargetDependency section */

/* Begin XCBuildConfiguration section */
		BB24D63A2DCC8BB800C1412C /* Debug */ = {
			isa = XCBuildConfiguration;
			buildSettings = {
				ALWAYS_SEARCH_USER_PATHS = NO;
				ASSETCATALOG_COMPILER_GENERATE_SWIFT_ASSET_SYMBOL_EXTENSIONS = YES;
				CLANG_ANALYZER_NONNULL = YES;
				CLANG_ANALYZER_NUMBER_OBJECT_CONVERSION = YES_AGGRESSIVE;
				CLANG_CXX_LANGUAGE_STANDARD = "gnu++20";
				CLANG_ENABLE_MODULES = YES;
				CLANG_ENABLE_OBJC_ARC = YES;
				CLANG_ENABLE_OBJC_WEAK = YES;
				CLANG_WARN_BLOCK_CAPTURE_AUTORELEASING = YES;
				CLANG_WARN_BOOL_CONVERSION = YES;
				CLANG_WARN_COMMA = YES;
				CLANG_WARN_CONSTANT_CONVERSION = YES;
				CLANG_WARN_DEPRECATED_OBJC_IMPLEMENTATIONS = YES;
				CLANG_WARN_DIRECT_OBJC_ISA_USAGE = YES_ERROR;
				CLANG_WARN_DOCUMENTATION_COMMENTS = YES;
				CLANG_WARN_EMPTY_BODY = YES;
				CLANG_WARN_ENUM_CONVERSION = YES;
				CLANG_WARN_INFINITE_RECURSION = YES;
				CLANG_WARN_INT_CONVERSION = YES;
				CLANG_WARN_NON_LITERAL_NULL_CONVERSION = YES;
				CLANG_WARN_OBJC_IMPLICIT_RETAIN_SELF = YES;
				CLANG_WARN_OBJC_LITERAL_CONVERSION = YES;
				CLANG_WARN_OBJC_ROOT_CLASS = YES_ERROR;
				CLANG_WARN_QUOTED_INCLUDE_IN_FRAMEWORK_HEADER = YES;
				CLANG_WARN_RANGE_LOOP_ANALYSIS = YES;
				CLANG_WARN_STRICT_PROTOTYPES = YES;
				CLANG_WARN_SUSPICIOUS_MOVE = YES;
				CLANG_WARN_UNGUARDED_AVAILABILITY = YES_AGGRESSIVE;
				CLANG_WARN_UNREACHABLE_CODE = YES;
				CLANG_WARN__DUPLICATE_METHOD_MATCH = YES;
				COPY_PHASE_STRIP = NO;
				DEBUG_INFORMATION_FORMAT = dwarf;
				ENABLE_STRICT_OBJC_MSGSEND = YES;
				ENABLE_TESTABILITY = YES;
				ENABLE_USER_SCRIPT_SANDBOXING = YES;
				GCC_C_LANGUAGE_STANDARD = gnu17;
				GCC_DYNAMIC_NO_PIC = NO;
				GCC_NO_COMMON_BLOCKS = YES;
				GCC_OPTIMIZATION_LEVEL = 0;
				GCC_PREPROCESSOR_DEFINITIONS = (
					"DEBUG=1",
					"$(inherited)",
				);
				GCC_WARN_64_TO_32_BIT_CONVERSION = YES;
				GCC_WARN_ABOUT_RETURN_TYPE = YES_ERROR;
				GCC_WARN_UNDECLARED_SELECTOR = YES;
				GCC_WARN_UNINITIALIZED_AUTOS = YES_AGGRESSIVE;
				GCC_WARN_UNUSED_FUNCTION = YES;
				GCC_WARN_UNUSED_VARIABLE = YES;
				IPHONEOS_DEPLOYMENT_TARGET = 18.4;
				LOCALIZATION_PREFERS_STRING_CATALOGS = YES;
				MTL_ENABLE_DEBUG_INFO = INCLUDE_SOURCE;
				MTL_FAST_MATH = YES;
				ONLY_ACTIVE_ARCH = YES;
				SDKROOT = iphoneos;
				SWIFT_ACTIVE_COMPILATION_CONDITIONS = "DEBUG $(inherited)";
				SWIFT_OPTIMIZATION_LEVEL = "-Onone";
			};
			name = Debug;
		};
		BB24D63B2DCC8BB800C1412C /* Release */ = {
			isa = XCBuildConfiguration;
			buildSettings = {
				ALWAYS_SEARCH_USER_PATHS = NO;
				ASSETCATALOG_COMPILER_GENERATE_SWIFT_ASSET_SYMBOL_EXTENSIONS = YES;
				CLANG_ANALYZER_NONNULL = YES;
				CLANG_ANALYZER_NUMBER_OBJECT_CONVERSION = YES_AGGRESSIVE;
				CLANG_CXX_LANGUAGE_STANDARD = "gnu++20";
				CLANG_ENABLE_MODULES = YES;
				CLANG_ENABLE_OBJC_ARC = YES;
				CLANG_ENABLE_OBJC_WEAK = YES;
				CLANG_WARN_BLOCK_CAPTURE_AUTORELEASING = YES;
				CLANG_WARN_BOOL_CONVERSION = YES;
				CLANG_WARN_COMMA = YES;
				CLANG_WARN_CONSTANT_CONVERSION = YES;
				CLANG_WARN_DEPRECATED_OBJC_IMPLEMENTATIONS = YES;
				CLANG_WARN_DIRECT_OBJC_ISA_USAGE = YES_ERROR;
				CLANG_WARN_DOCUMENTATION_COMMENTS = YES;
				CLANG_WARN_EMPTY_BODY = YES;
				CLANG_WARN_ENUM_CONVERSION = YES;
				CLANG_WARN_INFINITE_RECURSION = YES;
				CLANG_WARN_INT_CONVERSION = YES;
				CLANG_WARN_NON_LITERAL_NULL_CONVERSION = YES;
				CLANG_WARN_OBJC_IMPLICIT_RETAIN_SELF = YES;
				CLANG_WARN_OBJC_LITERAL_CONVERSION = YES;
				CLANG_WARN_OBJC_ROOT_CLASS = YES_ERROR;
				CLANG_WARN_QUOTED_INCLUDE_IN_FRAMEWORK_HEADER = YES;
				CLANG_WARN_RANGE_LOOP_ANALYSIS = YES;
				CLANG_WARN_STRICT_PROTOTYPES = YES;
				CLANG_WARN_SUSPICIOUS_MOVE = YES;
				CLANG_WARN_UNGUARDED_AVAILABILITY = YES_AGGRESSIVE;
				CLANG_WARN_UNREACHABLE_CODE = YES;
				CLANG_WARN__DUPLICATE_METHOD_MATCH = YES;
				COPY_PHASE_STRIP = NO;
				DEBUG_INFORMATION_FORMAT = "dwarf-with-dsym";
				ENABLE_NS_ASSERTIONS = NO;
				ENABLE_STRICT_OBJC_MSGSEND = YES;
				ENABLE_USER_SCRIPT_SANDBOXING = YES;
				GCC_C_LANGUAGE_STANDARD = gnu17;
				GCC_NO_COMMON_BLOCKS = YES;
				GCC_WARN_64_TO_32_BIT_CONVERSION = YES;
				GCC_WARN_ABOUT_RETURN_TYPE = YES_ERROR;
				GCC_WARN_UNDECLARED_SELECTOR = YES;
				GCC_WARN_UNINITIALIZED_AUTOS = YES_AGGRESSIVE;
				GCC_WARN_UNUSED_FUNCTION = YES;
				GCC_WARN_UNUSED_VARIABLE = YES;
				IPHONEOS_DEPLOYMENT_TARGET = 18.4;
				LOCALIZATION_PREFERS_STRING_CATALOGS = YES;
				MTL_ENABLE_DEBUG_INFO = NO;
				MTL_FAST_MATH = YES;
				SDKROOT = iphoneos;
				SWIFT_COMPILATION_MODE = wholemodule;
				VALIDATE_PRODUCT = YES;
			};
			name = Release;
		};
		BB24D63D2DCC8BB800C1412C /* Debug */ = {
			isa = XCBuildConfiguration;
			buildSettings = {
				ASSETCATALOG_COMPILER_APPICON_NAME = AppIcon;
				ASSETCATALOG_COMPILER_GLOBAL_ACCENT_COLOR_NAME = AccentColor;
				CODE_SIGN_STYLE = Automatic;
				CURRENT_PROJECT_VERSION = 1;
				ENABLE_PREVIEWS = YES;
				GENERATE_INFOPLIST_FILE = YES;
				INFOPLIST_KEY_UIApplicationSceneManifest_Generation = YES;
				INFOPLIST_KEY_UIApplicationSupportsIndirectInputEvents = YES;
				INFOPLIST_KEY_UILaunchScreen_Generation = YES;
				INFOPLIST_KEY_UISupportedInterfaceOrientations_iPad = "UIInterfaceOrientationPortrait UIInterfaceOrientationPortraitUpsideDown UIInterfaceOrientationLandscapeLeft UIInterfaceOrientationLandscapeRight";
				INFOPLIST_KEY_UISupportedInterfaceOrientations_iPhone = "UIInterfaceOrientationPortrait UIInterfaceOrientationLandscapeLeft UIInterfaceOrientationLandscapeRight";
				LD_RUNPATH_SEARCH_PATHS = (
					"$(inherited)",
					"@executable_path/Frameworks",
				);
				MARKETING_VERSION = 1.0;
				PRODUCT_BUNDLE_IDENTIFIER = vstr.KyoN;
				PRODUCT_NAME = "$(TARGET_NAME)";
				SWIFT_EMIT_LOC_STRINGS = YES;
				SWIFT_VERSION = 5.0;
				TARGETED_DEVICE_FAMILY = "1,2";
			};
			name = Debug;
		};
		BB24D63E2DCC8BB800C1412C /* Release */ = {
			isa = XCBuildConfiguration;
			buildSettings = {
				ASSETCATALOG_COMPILER_APPICON_NAME = AppIcon;
				ASSETCATALOG_COMPILER_GLOBAL_ACCENT_COLOR_NAME = AccentColor;
				CODE_SIGN_STYLE = Automatic;
				CURRENT_PROJECT_VERSION = 1;
				ENABLE_PREVIEWS = YES;
				GENERATE_INFOPLIST_FILE = YES;
				INFOPLIST_KEY_UIApplicationSceneManifest_Generation = YES;
				INFOPLIST_KEY_UIApplicationSupportsIndirectInputEvents = YES;
				INFOPLIST_KEY_UILaunchScreen_Generation = YES;
				INFOPLIST_KEY_UISupportedInterfaceOrientations_iPad = "UIInterfaceOrientationPortrait UIInterfaceOrientationPortraitUpsideDown UIInterfaceOrientationLandscapeLeft UIInterfaceOrientationLandscapeRight";
				INFOPLIST_KEY_UISupportedInterfaceOrientations_iPhone = "UIInterfaceOrientationPortrait UIInterfaceOrientationLandscapeLeft UIInterfaceOrientationLandscapeRight";
				LD_RUNPATH_SEARCH_PATHS = (
					"$(inherited)",
					"@executable_path/Frameworks",
				);
				MARKETING_VERSION = 1.0;
				PRODUCT_BUNDLE_IDENTIFIER = vstr.KyoN;
				PRODUCT_NAME = "$(TARGET_NAME)";
				SWIFT_EMIT_LOC_STRINGS = YES;
				SWIFT_VERSION = 5.0;
				TARGETED_DEVICE_FAMILY = "1,2";
			};
			name = Release;
		};
		BB24D6402DCC8BB800C1412C /* Debug */ = {
			isa = XCBuildConfiguration;
			buildSettings = {
				BUNDLE_LOADER = "$(TEST_HOST)";
				CODE_SIGN_STYLE = Automatic;
				CURRENT_PROJECT_VERSION = 1;
				GENERATE_INFOPLIST_FILE = YES;
				IPHONEOS_DEPLOYMENT_TARGET = 18.4;
				MARKETING_VERSION = 1.0;
				PRODUCT_BUNDLE_IDENTIFIER = vstr.KyoNTests;
				PRODUCT_NAME = "$(TARGET_NAME)";
				SWIFT_EMIT_LOC_STRINGS = NO;
				SWIFT_VERSION = 5.0;
				TARGETED_DEVICE_FAMILY = "1,2";
				TEST_HOST = "$(BUILT_PRODUCTS_DIR)/KyoN.app/$(BUNDLE_EXECUTABLE_FOLDER_PATH)/KyoN";
			};
			name = Debug;
		};
		BB24D6412DCC8BB800C1412C /* Release */ = {
			isa = XCBuildConfiguration;
			buildSettings = {
				BUNDLE_LOADER = "$(TEST_HOST)";
				CODE_SIGN_STYLE = Automatic;
				CURRENT_PROJECT_VERSION = 1;
				GENERATE_INFOPLIST_FILE = YES;
				IPHONEOS_DEPLOYMENT_TARGET = 18.4;
				MARKETING_VERSION = 1.0;
				PRODUCT_BUNDLE_IDENTIFIER = vstr.KyoNTests;
				PRODUCT_NAME = "$(TARGET_NAME)";
				SWIFT_EMIT_LOC_STRINGS = NO;
				SWIFT_VERSION = 5.0;
				TARGETED_DEVICE_FAMILY = "1,2";
				TEST_HOST = "$(BUILT_PRODUCTS_DIR)/KyoN.app/$(BUNDLE_EXECUTABLE_FOLDER_PATH)/KyoN";
			};
			name = Release;
		};
		BB24D6432DCC8BB800C1412C /* Debug */ = {
			isa = XCBuildConfiguration;
			buildSettings = {
				CODE_SIGN_STYLE = Automatic;
				CURRENT_PROJECT_VERSION = 1;
				GENERATE_INFOPLIST_FILE = YES;
				MARKETING_VERSION = 1.0;
				PRODUCT_BUNDLE_IDENTIFIER = vstr.KyoNUITests;
				PRODUCT_NAME = "$(TARGET_NAME)";
				SWIFT_EMIT_LOC_STRINGS = NO;
				SWIFT_VERSION = 5.0;
				TARGETED_DEVICE_FAMILY = "1,2";
				TEST_TARGET_NAME = KyoN;
			};
			name = Debug;
		};
		BB24D6442DCC8BB800C1412C /* Release */ = {
			isa = XCBuildConfiguration;
			buildSettings = {
				CODE_SIGN_STYLE = Automatic;
				CURRENT_PROJECT_VERSION = 1;
				GENERATE_INFOPLIST_FILE = YES;
				MARKETING_VERSION = 1.0;
				PRODUCT_BUNDLE_IDENTIFIER = vstr.KyoNUITests;
				PRODUCT_NAME = "$(TARGET_NAME)";
				SWIFT_EMIT_LOC_STRINGS = NO;
				SWIFT_VERSION = 5.0;
				TARGETED_DEVICE_FAMILY = "1,2";
				TEST_TARGET_NAME = KyoN;
			};
			name = Release;
		};
/* End XCBuildConfiguration section */

/* Begin XCConfigurationList section */
		BB24D6142DCC8BB700C1412C /* Build configuration list for PBXProject "KyoN" */ = {
			isa = XCConfigurationList;
			buildConfigurations = (
				BB24D63A2DCC8BB800C1412C /* Debug */,
				BB24D63B2DCC8BB800C1412C /* Release */,
			);
			defaultConfigurationIsVisible = 0;
			defaultConfigurationName = Release;
		};
		BB24D63C2DCC8BB800C1412C /* Build configuration list for PBXNativeTarget "KyoN" */ = {
			isa = XCConfigurationList;
			buildConfigurations = (
				BB24D63D2DCC8BB800C1412C /* Debug */,
				BB24D63E2DCC8BB800C1412C /* Release */,
			);
			defaultConfigurationIsVisible = 0;
			defaultConfigurationName = Release;
		};
		BB24D63F2DCC8BB800C1412C /* Build configuration list for PBXNativeTarget "KyoNTests" */ = {
			isa = XCConfigurationList;
			buildConfigurations = (
				BB24D6402DCC8BB800C1412C /* Debug */,
				BB24D6412DCC8BB800C1412C /* Release */,
			);
			defaultConfigurationIsVisible = 0;
			defaultConfigurationName = Release;
		};
		BB24D6422DCC8BB800C1412C /* Build configuration list for PBXNativeTarget "KyoNUITests" */ = {
			isa = XCConfigurationList;
			buildConfigurations = (
				BB24D6432DCC8BB800C1412C /* Debug */,
				BB24D6442DCC8BB800C1412C /* Release */,
			);
			defaultConfigurationIsVisible = 0;
			defaultConfigurationName = Release;
		};
/* End XCConfigurationList section */
	};
	rootObject = BB24D6112DCC8BB700C1412C /* Project object */;
}
